// !$*UTF8*$!
{
	archiveVersion = 1;
	classes = {
	};
	objectVersion = 50;
	objects = {

/* Begin PBXBuildFile section */
		3F9AFBC522E5C87E0079BEC7 /* AppDelegate.swift in Sources */ = {isa = PBXBuildFile; fileRef = 3F9AFBC422E5C87E0079BEC7 /* AppDelegate.swift */; };
		3F9AFBC722E5C87E0079BEC7 /* BaseTabBarController.swift in Sources */ = {isa = PBXBuildFile; fileRef = 3F9AFBC622E5C87E0079BEC7 /* BaseTabBarController.swift */; };
		3F9AFBCF22E5C8850079BEC7 /* LaunchScreen.storyboard in Resources */ = {isa = PBXBuildFile; fileRef = 3F9AFBCD22E5C8850079BEC7 /* LaunchScreen.storyboard */; };
		3F9AFBD722E5D1740079BEC7 /* TimelineViewController.swift in Sources */ = {isa = PBXBuildFile; fileRef = 3F9AFBD622E5D1740079BEC7 /* TimelineViewController.swift */; };
		3FD2A69C22E5F6B100127C80 /* Color.swift in Sources */ = {isa = PBXBuildFile; fileRef = 3FD2A69B22E5F6B100127C80 /* Color.swift */; };
		3FD2A69E22E5F7EA00127C80 /* ViewExtension.swift in Sources */ = {isa = PBXBuildFile; fileRef = 3FD2A69D22E5F7EA00127C80 /* ViewExtension.swift */; };
		3FD2A6A022E5F81500127C80 /* FeedCell.swift in Sources */ = {isa = PBXBuildFile; fileRef = 3FD2A69F22E5F81500127C80 /* FeedCell.swift */; };
		3FD2A6A222E5F83E00127C80 /* Post.swift in Sources */ = {isa = PBXBuildFile; fileRef = 3FD2A6A122E5F83E00127C80 /* Post.swift */; };
		3FD2A6A422E5FBB200127C80 /* Assets.xcassets in Resources */ = {isa = PBXBuildFile; fileRef = 3FD2A6A322E5FBB200127C80 /* Assets.xcassets */; };
		3FE6D89F22FFBA1900AAEC84 /* MoreViewController.swift in Sources */ = {isa = PBXBuildFile; fileRef = 3FE6D89E22FFBA1900AAEC84 /* MoreViewController.swift */; };
		3FE6D8A122FFDB7900AAEC84 /* MoreCell.swift in Sources */ = {isa = PBXBuildFile; fileRef = 3FE6D8A022FFDB7900AAEC84 /* MoreCell.swift */; };
		3FE6D8A322FFE22600AAEC84 /* More.swift in Sources */ = {isa = PBXBuildFile; fileRef = 3FE6D8A222FFE22600AAEC84 /* More.swift */; };
/* End PBXBuildFile section */

/* Begin PBXFileReference section */
		3F9AFBC122E5C87E0079BEC7 /* Facebook_clone.app */ = {isa = PBXFileReference; explicitFileType = wrapper.application; includeInIndex = 0; path = Facebook_clone.app; sourceTree = BUILT_PRODUCTS_DIR; };
		3F9AFBC422E5C87E0079BEC7 /* AppDelegate.swift */ = {isa = PBXFileReference; lastKnownFileType = sourcecode.swift; path = AppDelegate.swift; sourceTree = "<group>"; };
		3F9AFBC622E5C87E0079BEC7 /* BaseTabBarController.swift */ = {isa = PBXFileReference; lastKnownFileType = sourcecode.swift; path = BaseTabBarController.swift; sourceTree = "<group>"; };
		3F9AFBCE22E5C8850079BEC7 /* Base */ = {isa = PBXFileReference; lastKnownFileType = file.storyboard; name = Base; path = Base.lproj/LaunchScreen.storyboard; sourceTree = "<group>"; };
		3F9AFBD022E5C8850079BEC7 /* Info.plist */ = {isa = PBXFileReference; lastKnownFileType = text.plist.xml; path = Info.plist; sourceTree = "<group>"; };
		3F9AFBD622E5D1740079BEC7 /* TimelineViewController.swift */ = {isa = PBXFileReference; lastKnownFileType = sourcecode.swift; path = TimelineViewController.swift; sourceTree = "<group>"; };
		3FD2A69B22E5F6B100127C80 /* Color.swift */ = {isa = PBXFileReference; lastKnownFileType = sourcecode.swift; path = Color.swift; sourceTree = "<group>"; };
		3FD2A69D22E5F7EA00127C80 /* ViewExtension.swift */ = {isa = PBXFileReference; lastKnownFileType = sourcecode.swift; path = ViewExtension.swift; sourceTree = "<group>"; };
		3FD2A69F22E5F81500127C80 /* FeedCell.swift */ = {isa = PBXFileReference; lastKnownFileType = sourcecode.swift; path = FeedCell.swift; sourceTree = "<group>"; };
		3FD2A6A122E5F83E00127C80 /* Post.swift */ = {isa = PBXFileReference; lastKnownFileType = sourcecode.swift; path = Post.swift; sourceTree = "<group>"; };
		3FD2A6A322E5FBB200127C80 /* Assets.xcassets */ = {isa = PBXFileReference; lastKnownFileType = folder.assetcatalog; path = Assets.xcassets; sourceTree = "<group>"; };
		3FE6D89E22FFBA1900AAEC84 /* MoreViewController.swift */ = {isa = PBXFileReference; lastKnownFileType = sourcecode.swift; path = MoreViewController.swift; sourceTree = "<group>"; };
		3FE6D8A022FFDB7900AAEC84 /* MoreCell.swift */ = {isa = PBXFileReference; lastKnownFileType = sourcecode.swift; path = MoreCell.swift; sourceTree = "<group>"; };
		3FE6D8A222FFE22600AAEC84 /* More.swift */ = {isa = PBXFileReference; lastKnownFileType = sourcecode.swift; path = More.swift; sourceTree = "<group>"; };
/* End PBXFileReference section */

/* Begin PBXFrameworksBuildPhase section */
		3F9AFBBE22E5C87E0079BEC7 /* Frameworks */ = {
			isa = PBXFrameworksBuildPhase;
			buildActionMask = 2147483647;
			files = (
			);
			runOnlyForDeploymentPostprocessing = 0;
		};
/* End PBXFrameworksBuildPhase section */

/* Begin PBXGroup section */
		3F9AFBB822E5C87E0079BEC7 = {
			isa = PBXGroup;
			children = (
				3F9AFBC322E5C87E0079BEC7 /* Facebook_clone */,
				3F9AFBC222E5C87E0079BEC7 /* Products */,
			);
			sourceTree = "<group>";
		};
		3F9AFBC222E5C87E0079BEC7 /* Products */ = {
			isa = PBXGroup;
			children = (
				3F9AFBC122E5C87E0079BEC7 /* Facebook_clone.app */,
			);
			name = Products;
			sourceTree = "<group>";
		};
		3F9AFBC322E5C87E0079BEC7 /* Facebook_clone */ = {
			isa = PBXGroup;
			children = (
				3FD2A69A22E5F66500127C80 /* Extension */,
				3FD2A69922E5F65C00127C80 /* Controllers */,
				3F9AFBD922E5F5B00079BEC7 /* Model */,
				3F9AFBC422E5C87E0079BEC7 /* AppDelegate.swift */,
				3F9AFBCD22E5C8850079BEC7 /* LaunchScreen.storyboard */,
				3F9AFBD022E5C8850079BEC7 /* Info.plist */,
				3FD2A6A322E5FBB200127C80 /* Assets.xcassets */,
			);
			path = Facebook_clone;
			sourceTree = "<group>";
		};
		3F9AFBD922E5F5B00079BEC7 /* Model */ = {
			isa = PBXGroup;
			children = (
				3FD2A69F22E5F81500127C80 /* FeedCell.swift */,
				3FD2A6A122E5F83E00127C80 /* Post.swift */,
				3FE6D8A022FFDB7900AAEC84 /* MoreCell.swift */,
				3FE6D8A222FFE22600AAEC84 /* More.swift */,
			);
			path = Model;
			sourceTree = "<group>";
		};
		3FD2A69922E5F65C00127C80 /* Controllers */ = {
			isa = PBXGroup;
			children = (
				3F9AFBC622E5C87E0079BEC7 /* BaseTabBarController.swift */,
				3F9AFBD622E5D1740079BEC7 /* TimelineViewController.swift */,
				3FE6D89E22FFBA1900AAEC84 /* MoreViewController.swift */,
			);
			path = Controllers;
			sourceTree = "<group>";
		};
		3FD2A69A22E5F66500127C80 /* Extension */ = {
			isa = PBXGroup;
			children = (
				3FD2A69B22E5F6B100127C80 /* Color.swift */,
				3FD2A69D22E5F7EA00127C80 /* ViewExtension.swift */,
			);
			path = Extension;
			sourceTree = "<group>";
		};
/* End PBXGroup section */

/* Begin PBXNativeTarget section */
		3F9AFBC022E5C87E0079BEC7 /* Facebook_clone */ = {
			isa = PBXNativeTarget;
			buildConfigurationList = 3F9AFBD322E5C8850079BEC7 /* Build configuration list for PBXNativeTarget "Facebook_clone" */;
			buildPhases = (
				3F9AFBBD22E5C87E0079BEC7 /* Sources */,
				3F9AFBBE22E5C87E0079BEC7 /* Frameworks */,
				3F9AFBBF22E5C87E0079BEC7 /* Resources */,
			);
			buildRules = (
			);
			dependencies = (
			);
			name = Facebook_clone;
			productName = Facebook_clone;
			productReference = 3F9AFBC122E5C87E0079BEC7 /* Facebook_clone.app */;
			productType = "com.apple.product-type.application";
		};
/* End PBXNativeTarget section */

/* Begin PBXProject section */
		3F9AFBB922E5C87E0079BEC7 /* Project object */ = {
			isa = PBXProject;
			attributes = {
				LastSwiftUpdateCheck = 1020;
				LastUpgradeCheck = 1020;
				ORGANIZATIONNAME = Steven;
				TargetAttributes = {
					3F9AFBC022E5C87E0079BEC7 = {
						CreatedOnToolsVersion = 10.2.1;
					};
				};
			};
			buildConfigurationList = 3F9AFBBC22E5C87E0079BEC7 /* Build configuration list for PBXProject "Facebook_clone" */;
			compatibilityVersion = "Xcode 9.3";
			developmentRegion = en;
			hasScannedForEncodings = 0;
			knownRegions = (
				en,
				Base,
			);
			mainGroup = 3F9AFBB822E5C87E0079BEC7;
			productRefGroup = 3F9AFBC222E5C87E0079BEC7 /* Products */;
			projectDirPath = "";
			projectRoot = "";
			targets = (
				3F9AFBC022E5C87E0079BEC7 /* Facebook_clone */,
			);
		};
/* End PBXProject section */

/* Begin PBXResourcesBuildPhase section */
		3F9AFBBF22E5C87E0079BEC7 /* Resources */ = {
			isa = PBXResourcesBuildPhase;
			buildActionMask = 2147483647;
			files = (
				3FD2A6A422E5FBB200127C80 /* Assets.xcassets in Resources */,
				3F9AFBCF22E5C8850079BEC7 /* LaunchScreen.storyboard in Resources */,
			);
			runOnlyForDeploymentPostprocessing = 0;
		};
/* End PBXResourcesBuildPhase section */

/* Begin PBXSourcesBuildPhase section */
		3F9AFBBD22E5C87E0079BEC7 /* Sources */ = {
			isa = PBXSourcesBuildPhase;
			buildActionMask = 2147483647;
			files = (
				3FE6D8A322FFE22600AAEC84 /* More.swift in Sources */,
				3F9AFBC722E5C87E0079BEC7 /* BaseTabBarController.swift in Sources */,
				3FD2A69C22E5F6B100127C80 /* Color.swift in Sources */,
				3F9AFBC522E5C87E0079BEC7 /* AppDelegate.swift in Sources */,
				3F9AFBD722E5D1740079BEC7 /* TimelineViewController.swift in Sources */,
				3FD2A69E22E5F7EA00127C80 /* ViewExtension.swift in Sources */,
				3FE6D89F22FFBA1900AAEC84 /* MoreViewController.swift in Sources */,
				3FD2A6A222E5F83E00127C80 /* Post.swift in Sources */,
				3FD2A6A022E5F81500127C80 /* FeedCell.swift in Sources */,
				3FE6D8A122FFDB7900AAEC84 /* MoreCell.swift in Sources */,
			);
			runOnlyForDeploymentPostprocessing = 0;
		};
/* End PBXSourcesBuildPhase section */

/* Begin PBXVariantGroup section */
		3F9AFBCD22E5C8850079BEC7 /* LaunchScreen.storyboard */ = {
			isa = PBXVariantGroup;
			children = (
				3F9AFBCE22E5C8850079BEC7 /* Base */,
			);
			name = LaunchScreen.storyboard;
			sourceTree = "<group>";
		};
/* End PBXVariantGroup section */

/* Begin XCBuildConfiguration section */
		3F9AFBD122E5C8850079BEC7 /* Debug */ = {
			isa = XCBuildConfiguration;
			buildSettings = {
				ALWAYS_SEARCH_USER_PATHS = NO;
				CLANG_ANALYZER_NONNULL = YES;
				CLANG_ANALYZER_NUMBER_OBJECT_CONVERSION = YES_AGGRESSIVE;
				CLANG_CXX_LANGUAGE_STANDARD = "gnu++14";
				CLANG_CXX_LIBRARY = "libc++";
				CLANG_ENABLE_MODULES = YES;
				CLANG_ENABLE_OBJC_ARC = YES;
				CLANG_ENABLE_OBJC_WEAK = YES;
				CLANG_WARN_BLOCK_CAPTURE_AUTORELEASING = YES;
				CLANG_WARN_BOOL_CONVERSION = YES;
				CLANG_WARN_COMMA = YES;
				CLANG_WARN_CONSTANT_CONVERSION = YES;
				CLANG_WARN_DEPRECATED_OBJC_IMPLEMENTATIONS = YES;
				CLANG_WARN_DIRECT_OBJC_ISA_USAGE = YES_ERROR;
				CLANG_WARN_DOCUMENTATION_COMMENTS = YES;
				CLANG_WARN_EMPTY_BODY = YES;
				CLANG_WARN_ENUM_CONVERSION = YES;
				CLANG_WARN_INFINITE_RECURSION = YES;
				CLANG_WARN_INT_CONVERSION = YES;
				CLANG_WARN_NON_LITERAL_NULL_CONVERSION = YES;
				CLANG_WARN_OBJC_IMPLICIT_RETAIN_SELF = YES;
				CLANG_WARN_OBJC_LITERAL_CONVERSION = YES;
				CLANG_WARN_OBJC_ROOT_CLASS = YES_ERROR;
				CLANG_WARN_RANGE_LOOP_ANALYSIS = YES;
				CLANG_WARN_STRICT_PROTOTYPES = YES;
				CLANG_WARN_SUSPICIOUS_MOVE = YES;
				CLANG_WARN_UNGUARDED_AVAILABILITY = YES_AGGRESSIVE;
				CLANG_WARN_UNREACHABLE_CODE = YES;
				CLANG_WARN__DUPLICATE_METHOD_MATCH = YES;
				CODE_SIGN_IDENTITY = "iPhone Developer";
				COPY_PHASE_STRIP = NO;
				DEBUG_INFORMATION_FORMAT = dwarf;
				ENABLE_STRICT_OBJC_MSGSEND = YES;
				ENABLE_TESTABILITY = YES;
				GCC_C_LANGUAGE_STANDARD = gnu11;
				GCC_DYNAMIC_NO_PIC = NO;
				GCC_NO_COMMON_BLOCKS = YES;
				GCC_OPTIMIZATION_LEVEL = 0;
				GCC_PREPROCESSOR_DEFINITIONS = (
					"DEBUG=1",
					"$(inherited)",
				);
				GCC_WARN_64_TO_32_BIT_CONVERSION = YES;
				GCC_WARN_ABOUT_RETURN_TYPE = YES_ERROR;
				GCC_WARN_UNDECLARED_SELECTOR = YES;
				GCC_WARN_UNINITIALIZED_AUTOS = YES_AGGRESSIVE;
				GCC_WARN_UNUSED_FUNCTION = YES;
				GCC_WARN_UNUSED_VARIABLE = YES;
				IPHONEOS_DEPLOYMENT_TARGET = 12.2;
				MTL_ENABLE_DEBUG_INFO = INCLUDE_SOURCE;
				MTL_FAST_MATH = YES;
				ONLY_ACTIVE_ARCH = YES;
				SDKROOT = iphoneos;
				SWIFT_ACTIVE_COMPILATION_CONDITIONS = DEBUG;
				SWIFT_OPTIMIZATION_LEVEL = "-Onone";
			};
			name = Debug;
		};
		3F9AFBD222E5C8850079BEC7 /* Release */ = {
			isa = XCBuildConfiguration;
			buildSettings = {
				ALWAYS_SEARCH_USER_PATHS = NO;
				CLANG_ANALYZER_NONNULL = YES;
				CLANG_ANALYZER_NUMBER_OBJECT_CONVERSION = YES_AGGRESSIVE;
				CLANG_CXX_LANGUAGE_STANDARD = "gnu++14";
				CLANG_CXX_LIBRARY = "libc++";
				CLANG_ENABLE_MODULES = YES;
				CLANG_ENABLE_OBJC_ARC = YES;
				CLANG_ENABLE_OBJC_WEAK = YES;
				CLANG_WARN_BLOCK_CAPTURE_AUTORELEASING = YES;
				CLANG_WARN_BOOL_CONVERSION = YES;
				CLANG_WARN_COMMA = YES;
				CLANG_WARN_CONSTANT_CONVERSION = YES;
				CLANG_WARN_DEPRECATED_OBJC_IMPLEMENTATIONS = YES;
				CLANG_WARN_DIRECT_OBJC_ISA_USAGE = YES_ERROR;
				CLANG_WARN_DOCUMENTATION_COMMENTS = YES;
				CLANG_WARN_EMPTY_BODY = YES;
				CLANG_WARN_ENUM_CONVERSION = YES;
				CLANG_WARN_INFINITE_RECURSION = YES;
				CLANG_WARN_INT_CONVERSION = YES;
				CLANG_WARN_NON_LITERAL_NULL_CONVERSION = YES;
				CLANG_WARN_OBJC_IMPLICIT_RETAIN_SELF = YES;
				CLANG_WARN_OBJC_LITERAL_CONVERSION = YES;
				CLANG_WARN_OBJC_ROOT_CLASS = YES_ERROR;
				CLANG_WARN_RANGE_LOOP_ANALYSIS = YES;
				CLANG_WARN_STRICT_PROTOTYPES = YES;
				CLANG_WARN_SUSPICIOUS_MOVE = YES;
				CLANG_WARN_UNGUARDED_AVAILABILITY = YES_AGGRESSIVE;
				CLANG_WARN_UNREACHABLE_CODE = YES;
				CLANG_WARN__DUPLICATE_METHOD_MATCH = YES;
				CODE_SIGN_IDENTITY = "iPhone Developer";
				COPY_PHASE_STRIP = NO;
				DEBUG_INFORMATION_FORMAT = "dwarf-with-dsym";
				ENABLE_NS_ASSERTIONS = NO;
				ENABLE_STRICT_OBJC_MSGSEND = YES;
				GCC_C_LANGUAGE_STANDARD = gnu11;
				GCC_NO_COMMON_BLOCKS = YES;
				GCC_WARN_64_TO_32_BIT_CONVERSION = YES;
				GCC_WARN_ABOUT_RETURN_TYPE = YES_ERROR;
				GCC_WARN_UNDECLARED_SELECTOR = YES;
				GCC_WARN_UNINITIALIZED_AUTOS = YES_AGGRESSIVE;
				GCC_WARN_UNUSED_FUNCTION = YES;
				GCC_WARN_UNUSED_VARIABLE = YES;
				IPHONEOS_DEPLOYMENT_TARGET = 12.2;
				MTL_ENABLE_DEBUG_INFO = NO;
				MTL_FAST_MATH = YES;
				SDKROOT = iphoneos;
				SWIFT_COMPILATION_MODE = wholemodule;
				SWIFT_OPTIMIZATION_LEVEL = "-O";
				VALIDATE_PRODUCT = YES;
			};
			name = Release;
		};
		3F9AFBD422E5C8850079BEC7 /* Debug */ = {
			isa = XCBuildConfiguration;
			buildSettings = {
				ASSETCATALOG_COMPILER_APPICON_NAME = AppIcon;
				CODE_SIGN_STYLE = Automatic;
				DEVELOPMENT_TEAM = 8D58TTN334;
				INFOPLIST_FILE = Facebook_clone/Info.plist;
				IPHONEOS_DEPLOYMENT_TARGET = 11.0;
				LD_RUNPATH_SEARCH_PATHS = (
					"$(inherited)",
					"@executable_path/Frameworks",
				);
				PRODUCT_BUNDLE_IDENTIFIER = "com.blogspot.codingonmac.Facebook-clone";
				PRODUCT_NAME = "$(TARGET_NAME)";
				SWIFT_VERSION = 5.0;
				TARGETED_DEVICE_FAMILY = "1,2";
			};
			name = Debug;
		};
		3F9AFBD522E5C8850079BEC7 /* Release */ = {
			isa = XCBuildConfiguration;
			buildSettings = {
				ASSETCATALOG_COMPILER_APPICON_NAME = AppIcon;
				CODE_SIGN_STYLE = Automatic;
				DEVELOPMENT_TEAM = 8D58TTN334;
				INFOPLIST_FILE = Facebook_clone/Info.plist;
				IPHONEOS_DEPLOYMENT_TARGET = 11.0;
				LD_RUNPATH_SEARCH_PATHS = (
					"$(inherited)",
					"@executable_path/Frameworks",
				);
				PRODUCT_BUNDLE_IDENTIFIER = "com.blogspot.codingonmac.Facebook-clone";
				PRODUCT_NAME = "$(TARGET_NAME)";
				SWIFT_VERSION = 5.0;
				TARGETED_DEVICE_FAMILY = "1,2";
			};
			name = Release;
		};
/* End XCBuildConfiguration section */

/* Begin XCConfigurationList section */
		3F9AFBBC22E5C87E0079BEC7 /* Build configuration list for PBXProject "Facebook_clone" */ = {
			isa = XCConfigurationList;
			buildConfigurations = (
				3F9AFBD122E5C8850079BEC7 /* Debug */,
				3F9AFBD222E5C8850079BEC7 /* Release */,
			);
			defaultConfigurationIsVisible = 0;
			defaultConfigurationName = Release;
		};
		3F9AFBD322E5C8850079BEC7 /* Build configuration list for PBXNativeTarget "Facebook_clone" */ = {
			isa = XCConfigurationList;
			buildConfigurations = (
				3F9AFBD422E5C8850079BEC7 /* Debug */,
				3F9AFBD522E5C8850079BEC7 /* Release */,
			);
			defaultConfigurationIsVisible = 0;
			defaultConfigurationName = Release;
		};
/* End XCConfigurationList section */
	};
	rootObject = 3F9AFBB922E5C87E0079BEC7 /* Project object */;
}
